
Microsoft Visual Studio Solution File, Format Version 12.00
# Visual Studio 2012
Project("{FAE04EC0-301F-11D3-BF4B-00C04F79EFBC}") = "Interface", "CreationFichierKML\Interface.csproj", "{05C7617F-DC77-4942-83CF-BF540D27882C}"
EndProject
Project("{FAE04EC0-301F-11D3-BF4B-00C04F79EFBC}") = "FenetreAbout", "FenetreAbout\FenetreAbout.csproj", "{8820ACFB-971D-48CC-8F3F-BA07E2FA2E8F}"
EndProject
Project("{FAE04EC0-301F-11D3-BF4B-00C04F79EFBC}") = "KML", "KML\KML.csproj", "{2E497EC0-357A-492C-A2F0-524B1A80BADB}"
EndProject
Project("{6141683F-8A12-4E36-9623-2EB02B2C2303}") = "Setup", "Setup\Setup.isproj", "{3FE4413D-B982-4F20-ADD4-4612BF0D83E7}"
	ProjectSection(ProjectDependencies) = postProject
		{05C7617F-DC77-4942-83CF-BF540D27882C} = {05C7617F-DC77-4942-83CF-BF540D27882C}
	EndProjectSection
EndProject
Global
	GlobalSection(SolutionConfigurationPlatforms) = preSolution
		CD_ROM|Any CPU = CD_ROM|Any CPU
		CD_ROM|Mixed Platforms = CD_ROM|Mixed Platforms
		CD_ROM|x86 = CD_ROM|x86
		Debug|Any CPU = Debug|Any CPU
		Debug|Mixed Platforms = Debug|Mixed Platforms
		Debug|x86 = Debug|x86
		DVD-5|Any CPU = DVD-5|Any CPU
		DVD-5|Mixed Platforms = DVD-5|Mixed Platforms
		DVD-5|x86 = DVD-5|x86
		Release|Any CPU = Release|Any CPU
		Release|Mixed Platforms = Release|Mixed Platforms
		Release|x86 = Release|x86
		SingleImage|Any CPU = SingleImage|Any CPU
		SingleImage|Mixed Platforms = SingleImage|Mixed Platforms
		SingleImage|x86 = SingleImage|x86
	EndGlobalSection
	GlobalSection(ProjectConfigurationPlatforms) = postSolution
		{05C7617F-DC77-4942-83CF-BF540D27882C}.CD_ROM|Any CPU.ActiveCfg = Release|Any CPU
		{05C7617F-DC77-4942-83CF-BF540D27882C}.CD_ROM|Any CPU.Build.0 = Release|Any CPU
		{05C7617F-DC77-4942-83CF-BF540D27882C}.CD_ROM|Mixed Platforms.ActiveCfg = Release|x86
		{05C7617F-DC77-4942-83CF-BF540D27882C}.CD_ROM|Mixed Platforms.Build.0 = Release|x86
		{05C7617F-DC77-4942-83CF-BF540D27882C}.CD_ROM|x86.ActiveCfg = Release|x86
		{05C7617F-DC77-4942-83CF-BF540D27882C}.CD_ROM|x86.Build.0 = Release|x86
		{05C7617F-DC77-4942-83CF-BF540D27882C}.Debug|Any CPU.ActiveCfg = Debug|Any CPU
		{05C7617F-DC77-4942-83CF-BF540D27882C}.Debug|Any CPU.Build.0 = Debug|Any CPU
		{05C7617F-DC77-4942-83CF-BF540D27882C}.Debug|Mixed Platforms.ActiveCfg = Debug|x86
		{05C7617F-DC77-4942-83CF-BF540D27882C}.Debug|Mixed Platforms.Build.0 = Debug|x86
		{05C7617F-DC77-4942-83CF-BF540D27882C}.Debug|x86.ActiveCfg = Debug|x86
		{05C7617F-DC77-4942-83CF-BF540D27882C}.Debug|x86.Build.0 = Debug|x86
		{05C7617F-DC77-4942-83CF-BF540D27882C}.DVD-5|Any CPU.ActiveCfg = Debug|Any CPU
		{05C7617F-DC77-4942-83CF-BF540D27882C}.DVD-5|Any CPU.Build.0 = Debug|Any CPU
		{05C7617F-DC77-4942-83CF-BF540D27882C}.DVD-5|Mixed Platforms.ActiveCfg = Debug|x86
		{05C7617F-DC77-4942-83CF-BF540D27882C}.DVD-5|Mixed Platforms.Build.0 = Debug|x86
		{05C7617F-DC77-4942-83CF-BF540D27882C}.DVD-5|x86.ActiveCfg = Debug|x86
		{05C7617F-DC77-4942-83CF-BF540D27882C}.DVD-5|x86.Build.0 = Debug|x86
		{05C7617F-DC77-4942-83CF-BF540D27882C}.Release|Any CPU.ActiveCfg = Release|Any CPU
		{05C7617F-DC77-4942-83CF-BF540D27882C}.Release|Any CPU.Build.0 = Release|Any CPU
		{05C7617F-DC77-4942-83CF-BF540D27882C}.Release|Any CPU.Deploy.0 = Release|Any CPU
		{05C7617F-DC77-4942-83CF-BF540D27882C}.Release|Mixed Platforms.ActiveCfg = Release|x86
		{05C7617F-DC77-4942-83CF-BF540D27882C}.Release|Mixed Platforms.Build.0 = Release|x86
		{05C7617F-DC77-4942-83CF-BF540D27882C}.Release|x86.ActiveCfg = Release|x86
		{05C7617F-DC77-4942-83CF-BF540D27882C}.Release|x86.Build.0 = Release|x86
		{05C7617F-DC77-4942-83CF-BF540D27882C}.SingleImage|Any CPU.ActiveCfg = Release|Any CPU
		{05C7617F-DC77-4942-83CF-BF540D27882C}.SingleImage|Any CPU.Build.0 = Release|Any CPU
		{05C7617F-DC77-4942-83CF-BF540D27882C}.SingleImage|Mixed Platforms.ActiveCfg = Release|x86
		{05C7617F-DC77-4942-83CF-BF540D27882C}.SingleImage|Mixed Platforms.Build.0 = Release|x86
		{05C7617F-DC77-4942-83CF-BF540D27882C}.SingleImage|x86.ActiveCfg = Release|x86
		{05C7617F-DC77-4942-83CF-BF540D27882C}.SingleImage|x86.Build.0 = Release|x86
		{8820ACFB-971D-48CC-8F3F-BA07E2FA2E8F}.CD_ROM|Any CPU.ActiveCfg = Release|Any CPU
		{8820ACFB-971D-48CC-8F3F-BA07E2FA2E8F}.CD_ROM|Any CPU.Build.0 = Release|Any CPU
		{8820ACFB-971D-48CC-8F3F-BA07E2FA2E8F}.CD_ROM|Mixed Platforms.ActiveCfg = Release|Any CPU
		{8820ACFB-971D-48CC-8F3F-BA07E2FA2E8F}.CD_ROM|Mixed Platforms.Build.0 = Release|Any CPU
		{8820ACFB-971D-48CC-8F3F-BA07E2FA2E8F}.CD_ROM|x86.ActiveCfg = Release|Any CPU
		{8820ACFB-971D-48CC-8F3F-BA07E2FA2E8F}.Debug|Any CPU.ActiveCfg = Debug|Any CPU
		{8820ACFB-971D-48CC-8F3F-BA07E2FA2E8F}.Debug|Any CPU.Build.0 = Debug|Any CPU
		{8820ACFB-971D-48CC-8F3F-BA07E2FA2E8F}.Debug|Mixed Platforms.ActiveCfg = Debug|Any CPU
		{8820ACFB-971D-48CC-8F3F-BA07E2FA2E8F}.Debug|Mixed Platforms.Build.0 = Debug|Any CPU
		{8820ACFB-971D-48CC-8F3F-BA07E2FA2E8F}.Debug|x86.ActiveCfg = Debug|Any CPU
		{8820ACFB-971D-48CC-8F3F-BA07E2FA2E8F}.DVD-5|Any CPU.ActiveCfg = Debug|Any CPU
		{8820ACFB-971D-48CC-8F3F-BA07E2FA2E8F}.DVD-5|Any CPU.Build.0 = Debug|Any CPU
		{8820ACFB-971D-48CC-8F3F-BA07E2FA2E8F}.DVD-5|Mixed Platforms.ActiveCfg = Debug|Any CPU
		{8820ACFB-971D-48CC-8F3F-BA07E2FA2E8F}.DVD-5|Mixed Platforms.Build.0 = Debug|Any CPU
		{8820ACFB-971D-48CC-8F3F-BA07E2FA2E8F}.DVD-5|x86.ActiveCfg = Debug|Any CPU
		{8820ACFB-971D-48CC-8F3F-BA07E2FA2E8F}.Release|Any CPU.ActiveCfg = Release|Any CPU
		{8820ACFB-971D-48CC-8F3F-BA07E2FA2E8F}.Release|Any CPU.Build.0 = Release|Any CPU
		{8820ACFB-971D-48CC-8F3F-BA07E2FA2E8F}.Release|Mixed Platforms.ActiveCfg = Release|Any CPU
		{8820ACFB-971D-48CC-8F3F-BA07E2FA2E8F}.Release|Mixed Platforms.Build.0 = Release|Any CPU
		{8820ACFB-971D-48CC-8F3F-BA07E2FA2E8F}.Release|x86.ActiveCfg = Release|Any CPU
		{8820ACFB-971D-48CC-8F3F-BA07E2FA2E8F}.SingleImage|Any CPU.ActiveCfg = Release|Any CPU
		{8820ACFB-971D-48CC-8F3F-BA07E2FA2E8F}.SingleImage|Any CPU.Build.0 = Release|Any CPU
		{8820ACFB-971D-48CC-8F3F-BA07E2FA2E8F}.SingleImage|Mixed Platforms.ActiveCfg = Release|Any CPU
		{8820ACFB-971D-48CC-8F3F-BA07E2FA2E8F}.SingleImage|Mixed Platforms.Build.0 = Release|Any CPU
		{8820ACFB-971D-48CC-8F3F-BA07E2FA2E8F}.SingleImage|x86.ActiveCfg = Release|Any CPU
		{2E497EC0-357A-492C-A2F0-524B1A80BADB}.CD_ROM|Any CPU.ActiveCfg = Release|Any CPU
		{2E497EC0-357A-492C-A2F0-524B1A80BADB}.CD_ROM|Any CPU.Build.0 = Release|Any CPU
		{2E497EC0-357A-492C-A2F0-524B1A80BADB}.CD_ROM|Mixed Platforms.ActiveCfg = Release|x86
		{2E497EC0-357A-492C-A2F0-524B1A80BADB}.CD_ROM|Mixed Platforms.Build.0 = Release|x86
		{2E497EC0-357A-492C-A2F0-524B1A80BADB}.CD_ROM|x86.ActiveCfg = Release|x86
		{2E497EC0-357A-492C-A2F0-524B1A80BADB}.CD_ROM|x86.Build.0 = Release|x86
		{2E497EC0-357A-492C-A2F0-524B1A80BADB}.Debug|Any CPU.ActiveCfg = Debug|Any CPU
		{2E497EC0-357A-492C-A2F0-524B1A80BADB}.Debug|Any CPU.Build.0 = Debug|Any CPU
		{2E497EC0-357A-492C-A2F0-524B1A80BADB}.Debug|Mixed Platforms.ActiveCfg = Debug|x86
		{2E497EC0-357A-492C-A2F0-524B1A80BADB}.Debug|Mixed Platforms.Build.0 = Debug|x86
		{2E497EC0-357A-492C-A2F0-524B1A80BADB}.Debug|x86.ActiveCfg = Debug|x86
		{2E497EC0-357A-492C-A2F0-524B1A80BADB}.Debug|x86.Build.0 = Debug|x86
		{2E497EC0-357A-492C-A2F0-524B1A80BADB}.DVD-5|Any CPU.ActiveCfg = Debug|Any CPU
		{2E497EC0-357A-492C-A2F0-524B1A80BADB}.DVD-5|Any CPU.Build.0 = Debug|Any CPU
		{2E497EC0-357A-492C-A2F0-524B1A80BADB}.DVD-5|Mixed Platforms.ActiveCfg = Debug|x86
		{2E497EC0-357A-492C-A2F0-524B1A80BADB}.DVD-5|Mixed Platforms.Build.0 = Debug|x86
		{2E497EC0-357A-492C-A2F0-524B1A80BADB}.DVD-5|x86.ActiveCfg = Debug|x86
		{2E497EC0-357A-492C-A2F0-524B1A80BADB}.DVD-5|x86.Build.0 = Debug|x86
		{2E497EC0-357A-492C-A2F0-524B1A80BADB}.Release|Any CPU.ActiveCfg = Release|Any CPU
		{2E497EC0-357A-492C-A2F0-524B1A80BADB}.Release|Any CPU.Build.0 = Release|Any CPU
		{2E497EC0-357A-492C-A2F0-524B1A80BADB}.Release|Mixed Platforms.ActiveCfg = Release|x86
		{2E497EC0-357A-492C-A2F0-524B1A80BADB}.Release|Mixed Platforms.Build.0 = Release|x86
		{2E497EC0-357A-492C-A2F0-524B1A80BADB}.Release|x86.ActiveCfg = Release|x86
		{2E497EC0-357A-492C-A2F0-524B1A80BADB}.Release|x86.Build.0 = Release|x86
		{2E497EC0-357A-492C-A2F0-524B1A80BADB}.SingleImage|Any CPU.ActiveCfg = Release|Any CPU
		{2E497EC0-357A-492C-A2F0-524B1A80BADB}.SingleImage|Any CPU.Build.0 = Release|Any CPU
		{2E497EC0-357A-492C-A2F0-524B1A80BADB}.SingleImage|Mixed Platforms.ActiveCfg = Release|x86
		{2E497EC0-357A-492C-A2F0-524B1A80BADB}.SingleImage|Mixed Platforms.Build.0 = Release|x86
		{2E497EC0-357A-492C-A2F0-524B1A80BADB}.SingleImage|x86.ActiveCfg = Release|x86
		{2E497EC0-357A-492C-A2F0-524B1A80BADB}.SingleImage|x86.Build.0 = Release|x86
		{3FE4413D-B982-4F20-ADD4-4612BF0D83E7}.CD_ROM|Any CPU.ActiveCfg = CD_ROM
		{3FE4413D-B982-4F20-ADD4-4612BF0D83E7}.CD_ROM|Any CPU.Build.0 = CD_ROM
		{3FE4413D-B982-4F20-ADD4-4612BF0D83E7}.CD_ROM|Mixed Platforms.ActiveCfg = CD_ROM
		{3FE4413D-B982-4F20-ADD4-4612BF0D83E7}.CD_ROM|Mixed Platforms.Build.0 = CD_ROM
		{3FE4413D-B982-4F20-ADD4-4612BF0D83E7}.CD_ROM|x86.ActiveCfg = CD_ROM
		{3FE4413D-B982-4F20-ADD4-4612BF0D83E7}.CD_ROM|x86.Build.0 = CD_ROM
		{3FE4413D-B982-4F20-ADD4-4612BF0D83E7}.Debug|Any CPU.ActiveCfg = DVD-5
		{3FE4413D-B982-4F20-ADD4-4612BF0D83E7}.Debug|Any CPU.Build.0 = DVD-5
		{3FE4413D-B982-4F20-ADD4-4612BF0D83E7}.Debug|Mixed Platforms.ActiveCfg = DVD-5
		{3FE4413D-B982-4F20-ADD4-4612BF0D83E7}.Debug|Mixed Platforms.Build.0 = DVD-5
		{3FE4413D-B982-4F20-ADD4-4612BF0D83E7}.Debug|x86.ActiveCfg = DVD-5
		{3FE4413D-B982-4F20-ADD4-4612BF0D83E7}.Debug|x86.Build.0 = DVD-5
		{3FE4413D-B982-4F20-ADD4-4612BF0D83E7}.DVD-5|Any CPU.ActiveCfg = DVD-5
		{3FE4413D-B982-4F20-ADD4-4612BF0D83E7}.DVD-5|Any CPU.Build.0 = DVD-5
		{3FE4413D-B982-4F20-ADD4-4612BF0D83E7}.DVD-5|Mixed Platforms.ActiveCfg = DVD-5
		{3FE4413D-B982-4F20-ADD4-4612BF0D83E7}.DVD-5|Mixed Platforms.Build.0 = DVD-5
		{3FE4413D-B982-4F20-ADD4-4612BF0D83E7}.DVD-5|x86.ActiveCfg = DVD-5
		{3FE4413D-B982-4F20-ADD4-4612BF0D83E7}.DVD-5|x86.Build.0 = DVD-5
		{3FE4413D-B982-4F20-ADD4-4612BF0D83E7}.Release|Any CPU.ActiveCfg = SingleImage
		{3FE4413D-B982-4F20-ADD4-4612BF0D83E7}.Release|Any CPU.Build.0 = SingleImage
		{3FE4413D-B982-4F20-ADD4-4612BF0D83E7}.Release|Mixed Platforms.ActiveCfg = SingleImage
		{3FE4413D-B982-4F20-ADD4-4612BF0D83E7}.Release|Mixed Platforms.Build.0 = SingleImage
		{3FE4413D-B982-4F20-ADD4-4612BF0D83E7}.Release|x86.ActiveCfg = SingleImage
		{3FE4413D-B982-4F20-ADD4-4612BF0D83E7}.Release|x86.Build.0 = SingleImage
		{3FE4413D-B982-4F20-ADD4-4612BF0D83E7}.SingleImage|Any CPU.ActiveCfg = SingleImage
		{3FE4413D-B982-4F20-ADD4-4612BF0D83E7}.SingleImage|Any CPU.Build.0 = SingleImage
		{3FE4413D-B982-4F20-ADD4-4612BF0D83E7}.SingleImage|Mixed Platforms.ActiveCfg = SingleImage
		{3FE4413D-B982-4F20-ADD4-4612BF0D83E7}.SingleImage|Mixed Platforms.Build.0 = SingleImage
		{3FE4413D-B982-4F20-ADD4-4612BF0D83E7}.SingleImage|x86.ActiveCfg = SingleImage
		{3FE4413D-B982-4F20-ADD4-4612BF0D83E7}.SingleImage|x86.Build.0 = SingleImage
	EndGlobalSection
	GlobalSection(SolutionProperties) = preSolution
		HideSolutionNode = FALSE
	EndGlobalSection
EndGlobal
